
Microsoft Visual Studio Solution File, Format Version 12.00
# Visual Studio Version 16
VisualStudioVersion = 16.0.31205.134
MinimumVisualStudioVersion = 10.0.40219.1
Project("{FAE04EC0-301F-11D3-BF4B-00C04F79EFBC}") = "FixacaoOrder", "FixacaoOrder\FixacaoOrder.csproj", "{B6967C45-1781-4DE2-BAF7-CEA0B27E070E}"
EndProject
Global
	GlobalSection(SolutionConfigurationPlatforms) = preSolution
		Debug|Any CPU = Debug|Any CPU
		Release|Any CPU = Release|Any CPU
	EndGlobalSection
	GlobalSection(ProjectConfigurationPlatforms) = postSolution
		{B6967C45-1781-4DE2-BAF7-CEA0B27E070E}.Debug|Any CPU.ActiveCfg = Debug|Any CPU
		{B6967C45-1781-4DE2-BAF7-CEA0B27E070E}.Debug|Any CPU.Build.0 = Debug|Any CPU
		{B6967C45-1781-4DE2-BAF7-CEA0B27E070E}.Release|Any CPU.ActiveCfg = Release|Any CPU
		{B6967C45-1781-4DE2-BAF7-CEA0B27E070E}.Release|Any CPU.Build.0 = Release|Any CPU
	EndGlobalSection
	GlobalSection(SolutionProperties) = preSolution
		HideSolutionNode = FALSE
	EndGlobalSection
	GlobalSection(ExtensibilityGlobals) = postSolution
		SolutionGuid = {AA71F6C0-0AB7-4BFE-BA95-EB99D054652D}
	EndGlobalSection
EndGlobal
